// !$*UTF8*$!
{
	archiveVersion = 1;
	classes = {
	};
	objectVersion = 56;
	objects = {

/* Begin PBXBuildFile section */
		5EFC088A2BFCA9A1000E87AC /* BookRecApp.swift in Sources */ = {isa = PBXBuildFile; fileRef = 5EFC08892BFCA9A1000E87AC /* BookRecApp.swift */; };
		5EFC088C2BFCA9A1000E87AC /* ContentView.swift in Sources */ = {isa = PBXBuildFile; fileRef = 5EFC088B2BFCA9A1000E87AC /* ContentView.swift */; };
		5EFC088E2BFCA9A4000E87AC /* Assets.xcassets in Resources */ = {isa = PBXBuildFile; fileRef = 5EFC088D2BFCA9A4000E87AC /* Assets.xcassets */; };
		5EFC08912BFCA9A4000E87AC /* Preview Assets.xcassets in Resources */ = {isa = PBXBuildFile; fileRef = 5EFC08902BFCA9A4000E87AC /* Preview Assets.xcassets */; };
		5EFC08982BFCA9B5000E87AC /* MoodAnalysis.mlmodel in Sources */ = {isa = PBXBuildFile; fileRef = 5EFC08972BFCA9B5000E87AC /* MoodAnalysis.mlmodel */; };
		5EFC089A2C034C1E000E87AC /* SecondView.swift in Sources */ = {isa = PBXBuildFile; fileRef = 5EFC08992C034C1E000E87AC /* SecondView.swift */; };
		5EFC089E2C046C2E000E87AC /* Interface.swift in Sources */ = {isa = PBXBuildFile; fileRef = 5EFC089D2C046C2E000E87AC /* Interface.swift */; };
/* End PBXBuildFile section */

/* Begin PBXFileReference section */
		5EFC08862BFCA9A1000E87AC /* BookRec.app */ = {isa = PBXFileReference; explicitFileType = wrapper.application; includeInIndex = 0; path = BookRec.app; sourceTree = BUILT_PRODUCTS_DIR; };
		5EFC08892BFCA9A1000E87AC /* BookRecApp.swift */ = {isa = PBXFileReference; lastKnownFileType = sourcecode.swift; path = BookRecApp.swift; sourceTree = "<group>"; };
		5EFC088B2BFCA9A1000E87AC /* ContentView.swift */ = {isa = PBXFileReference; lastKnownFileType = sourcecode.swift; path = ContentView.swift; sourceTree = "<group>"; };
		5EFC088D2BFCA9A4000E87AC /* Assets.xcassets */ = {isa = PBXFileReference; lastKnownFileType = folder.assetcatalog; path = Assets.xcassets; sourceTree = "<group>"; };
		5EFC08902BFCA9A4000E87AC /* Preview Assets.xcassets */ = {isa = PBXFileReference; lastKnownFileType = folder.assetcatalog; path = "Preview Assets.xcassets"; sourceTree = "<group>"; };
		5EFC08972BFCA9B5000E87AC /* MoodAnalysis.mlmodel */ = {isa = PBXFileReference; lastKnownFileType = file.mlmodel; name = MoodAnalysis.mlmodel; path = ../../MoodAnalysis.mlmodel; sourceTree = "<group>"; };
		5EFC08992C034C1E000E87AC /* SecondView.swift */ = {isa = PBXFileReference; lastKnownFileType = sourcecode.swift; path = SecondView.swift; sourceTree = "<group>"; };
		5EFC089D2C046C2E000E87AC /* Interface.swift */ = {isa = PBXFileReference; lastKnownFileType = sourcecode.swift; path = Interface.swift; sourceTree = "<group>"; };
/* End PBXFileReference section */

/* Begin PBXFrameworksBuildPhase section */
		5EFC08832BFCA9A1000E87AC /* Frameworks */ = {
			isa = PBXFrameworksBuildPhase;
			buildActionMask = 2147483647;
			files = (
			);
			runOnlyForDeploymentPostprocessing = 0;
		};
/* End PBXFrameworksBuildPhase section */

/* Begin PBXGroup section */
		5EFC087D2BFCA9A1000E87AC = {
			isa = PBXGroup;
			children = (
				5EFC08882BFCA9A1000E87AC /* BookRec */,
				5EFC08872BFCA9A1000E87AC /* Products */,
			);
			sourceTree = "<group>";
		};
		5EFC08872BFCA9A1000E87AC /* Products */ = {
			isa = PBXGroup;
			children = (
				5EFC08862BFCA9A1000E87AC /* BookRec.app */,
			);
			name = Products;
			sourceTree = "<group>";
		};
		5EFC08882BFCA9A1000E87AC /* BookRec */ = {
			isa = PBXGroup;
			children = (
				5EFC08892BFCA9A1000E87AC /* BookRecApp.swift */,
				5EFC088B2BFCA9A1000E87AC /* ContentView.swift */,
				5EFC08992C034C1E000E87AC /* SecondView.swift */,
				5EFC089D2C046C2E000E87AC /* Interface.swift */,
				5EFC08972BFCA9B5000E87AC /* MoodAnalysis.mlmodel */,
				5EFC088D2BFCA9A4000E87AC /* Assets.xcassets */,
				5EFC088F2BFCA9A4000E87AC /* Preview Content */,
			);
			path = BookRec;
			sourceTree = "<group>";
		};
		5EFC088F2BFCA9A4000E87AC /* Preview Content */ = {
			isa = PBXGroup;
			children = (
				5EFC08902BFCA9A4000E87AC /* Preview Assets.xcassets */,
			);
			path = "Preview Content";
			sourceTree = "<group>";
		};
/* End PBXGroup section */

/* Begin PBXNativeTarget section */
		5EFC08852BFCA9A1000E87AC /* BookRec */ = {
			isa = PBXNativeTarget;
			buildConfigurationList = 5EFC08942BFCA9A4000E87AC /* Build configuration list for PBXNativeTarget "BookRec" */;
			buildPhases = (
				5EFC08822BFCA9A1000E87AC /* Sources */,
				5EFC08832BFCA9A1000E87AC /* Frameworks */,
				5EFC08842BFCA9A1000E87AC /* Resources */,
			);
			buildRules = (
			);
			dependencies = (
			);
			name = BookRec;
			productName = BookRec;
			productReference = 5EFC08862BFCA9A1000E87AC /* BookRec.app */;
			productType = "com.apple.product-type.application";
		};
/* End PBXNativeTarget section */

/* Begin PBXProject section */
		5EFC087E2BFCA9A1000E87AC /* Project object */ = {
			isa = PBXProject;
			attributes = {
				BuildIndependentTargetsInParallel = 1;
				LastSwiftUpdateCheck = 1540;
				LastUpgradeCheck = 1540;
				TargetAttributes = {
					5EFC08852BFCA9A1000E87AC = {
						CreatedOnToolsVersion = 15.4;
					};
				};
			};
			buildConfigurationList = 5EFC08812BFCA9A1000E87AC /* Build configuration list for PBXProject "BookRec" */;
			compatibilityVersion = "Xcode 14.0";
			developmentRegion = en;
			hasScannedForEncodings = 0;
			knownRegions = (
				en,
				Base,
			);
			mainGroup = 5EFC087D2BFCA9A1000E87AC;
			productRefGroup = 5EFC08872BFCA9A1000E87AC /* Products */;
			projectDirPath = "";
			projectRoot = "";
			targets = (
				5EFC08852BFCA9A1000E87AC /* BookRec */,
			);
		};
/* End PBXProject section */

/* Begin PBXResourcesBuildPhase section */
		5EFC08842BFCA9A1000E87AC /* Resources */ = {
			isa = PBXResourcesBuildPhase;
			buildActionMask = 2147483647;
			files = (
				5EFC08912BFCA9A4000E87AC /* Preview Assets.xcassets in Resources */,
				5EFC088E2BFCA9A4000E87AC /* Assets.xcassets in Resources */,
			);
			runOnlyForDeploymentPostprocessing = 0;
		};
/* End PBXResourcesBuildPhase section */

/* Begin PBXSourcesBuildPhase section */
		5EFC08822BFCA9A1000E87AC /* Sources */ = {
			isa = PBXSourcesBuildPhase;
			buildActionMask = 2147483647;
			files = (
				5EFC08982BFCA9B5000E87AC /* MoodAnalysis.mlmodel in Sources */,
				5EFC089E2C046C2E000E87AC /* Interface.swift in Sources */,
				5EFC088C2BFCA9A1000E87AC /* ContentView.swift in Sources */,
				5EFC089A2C034C1E000E87AC /* SecondView.swift in Sources */,
				5EFC088A2BFCA9A1000E87AC /* BookRecApp.swift in Sources */,
			);
			runOnlyForDeploymentPostprocessing = 0;
		};
/* End PBXSourcesBuildPhase section */

/* Begin XCBuildConfiguration section */
		5EFC08922BFCA9A4000E87AC /* Debug */ = {
			isa = XCBuildConfiguration;
			buildSettings = {
				ALWAYS_SEARCH_USER_PATHS = NO;
				ASSETCATALOG_COMPILER_GENERATE_SWIFT_ASSET_SYMBOL_EXTENSIONS = YES;
				CLANG_ANALYZER_NONNULL = YES;
				CLANG_ANALYZER_NUMBER_OBJECT_CONVERSION = YES_AGGRESSIVE;
				CLANG_CXX_LANGUAGE_STANDARD = "gnu++20";
				CLANG_ENABLE_MODULES = YES;
				CLANG_ENABLE_OBJC_ARC = YES;
				CLANG_ENABLE_OBJC_WEAK = YES;
				CLANG_WARN_BLOCK_CAPTURE_AUTORELEASING = YES;
				CLANG_WARN_BOOL_CONVERSION = YES;
				CLANG_WARN_COMMA = YES;
				CLANG_WARN_CONSTANT_CONVERSION = YES;
				CLANG_WARN_DEPRECATED_OBJC_IMPLEMENTATIONS = YES;
				CLANG_WARN_DIRECT_OBJC_ISA_USAGE = YES_ERROR;
				CLANG_WARN_DOCUMENTATION_COMMENTS = YES;
				CLANG_WARN_EMPTY_BODY = YES;
				CLANG_WARN_ENUM_CONVERSION = YES;
				CLANG_WARN_INFINITE_RECURSION = YES;
				CLANG_WARN_INT_CONVERSION = YES;
				CLANG_WARN_NON_LITERAL_NULL_CONVERSION = YES;
				CLANG_WARN_OBJC_IMPLICIT_RETAIN_SELF = YES;
				CLANG_WARN_OBJC_LITERAL_CONVERSION = YES;
				CLANG_WARN_OBJC_ROOT_CLASS = YES_ERROR;
				CLANG_WARN_QUOTED_INCLUDE_IN_FRAMEWORK_HEADER = YES;
				CLANG_WARN_RANGE_LOOP_ANALYSIS = YES;
				CLANG_WARN_STRICT_PROTOTYPES = YES;
				CLANG_WARN_SUSPICIOUS_MOVE = YES;
				CLANG_WARN_UNGUARDED_AVAILABILITY = YES_AGGRESSIVE;
				CLANG_WARN_UNREACHABLE_CODE = YES;
				CLANG_WARN__DUPLICATE_METHOD_MATCH = YES;
				COPY_PHASE_STRIP = NO;
				DEBUG_INFORMATION_FORMAT = dwarf;
				ENABLE_STRICT_OBJC_MSGSEND = YES;
				ENABLE_TESTABILITY = YES;
				ENABLE_USER_SCRIPT_SANDBOXING = YES;
				GCC_C_LANGUAGE_STANDARD = gnu17;
				GCC_DYNAMIC_NO_PIC = NO;
				GCC_NO_COMMON_BLOCKS = YES;
				GCC_OPTIMIZATION_LEVEL = 0;
				GCC_PREPROCESSOR_DEFINITIONS = (
					"DEBUG=1",
					"$(inherited)",
				);
				GCC_WARN_64_TO_32_BIT_CONVERSION = YES;
				GCC_WARN_ABOUT_RETURN_TYPE = YES_ERROR;
				GCC_WARN_UNDECLARED_SELECTOR = YES;
				GCC_WARN_UNINITIALIZED_AUTOS = YES_AGGRESSIVE;
				GCC_WARN_UNUSED_FUNCTION = YES;
				GCC_WARN_UNUSED_VARIABLE = YES;
				IPHONEOS_DEPLOYMENT_TARGET = 17.5;
				LOCALIZATION_PREFERS_STRING_CATALOGS = YES;
				MTL_ENABLE_DEBUG_INFO = INCLUDE_SOURCE;
				MTL_FAST_MATH = YES;
				ONLY_ACTIVE_ARCH = YES;
				SDKROOT = iphoneos;
				SWIFT_ACTIVE_COMPILATION_CONDITIONS = "DEBUG $(inherited)";
				SWIFT_OPTIMIZATION_LEVEL = "-Onone";
			};
			name = Debug;
		};
		5EFC08932BFCA9A4000E87AC /* Release */ = {
			isa = XCBuildConfiguration;
			buildSettings = {
				ALWAYS_SEARCH_USER_PATHS = NO;
				ASSETCATALOG_COMPILER_GENERATE_SWIFT_ASSET_SYMBOL_EXTENSIONS = YES;
				CLANG_ANALYZER_NONNULL = YES;
				CLANG_ANALYZER_NUMBER_OBJECT_CONVERSION = YES_AGGRESSIVE;
				CLANG_CXX_LANGUAGE_STANDARD = "gnu++20";
				CLANG_ENABLE_MODULES = YES;
				CLANG_ENABLE_OBJC_ARC = YES;
				CLANG_ENABLE_OBJC_WEAK = YES;
				CLANG_WARN_BLOCK_CAPTURE_AUTORELEASING = YES;
				CLANG_WARN_BOOL_CONVERSION = YES;
				CLANG_WARN_COMMA = YES;
				CLANG_WARN_CONSTANT_CONVERSION = YES;
				CLANG_WARN_DEPRECATED_OBJC_IMPLEMENTATIONS = YES;
				CLANG_WARN_DIRECT_OBJC_ISA_USAGE = YES_ERROR;
				CLANG_WARN_DOCUMENTATION_COMMENTS = YES;
				CLANG_WARN_EMPTY_BODY = YES;
				CLANG_WARN_ENUM_CONVERSION = YES;
				CLANG_WARN_INFINITE_RECURSION = YES;
				CLANG_WARN_INT_CONVERSION = YES;
				CLANG_WARN_NON_LITERAL_NULL_CONVERSION = YES;
				CLANG_WARN_OBJC_IMPLICIT_RETAIN_SELF = YES;
				CLANG_WARN_OBJC_LITERAL_CONVERSION = YES;
				CLANG_WARN_OBJC_ROOT_CLASS = YES_ERROR;
				CLANG_WARN_QUOTED_INCLUDE_IN_FRAMEWORK_HEADER = YES;
				CLANG_WARN_RANGE_LOOP_ANALYSIS = YES;
				CLANG_WARN_STRICT_PROTOTYPES = YES;
				CLANG_WARN_SUSPICIOUS_MOVE = YES;
				CLANG_WARN_UNGUARDED_AVAILABILITY = YES_AGGRESSIVE;
				CLANG_WARN_UNREACHABLE_CODE = YES;
				CLANG_WARN__DUPLICATE_METHOD_MATCH = YES;
				COPY_PHASE_STRIP = NO;
				DEBUG_INFORMATION_FORMAT = "dwarf-with-dsym";
				ENABLE_NS_ASSERTIONS = NO;
				ENABLE_STRICT_OBJC_MSGSEND = YES;
				ENABLE_USER_SCRIPT_SANDBOXING = YES;
				GCC_C_LANGUAGE_STANDARD = gnu17;
				GCC_NO_COMMON_BLOCKS = YES;
				GCC_WARN_64_TO_32_BIT_CONVERSION = YES;
				GCC_WARN_ABOUT_RETURN_TYPE = YES_ERROR;
				GCC_WARN_UNDECLARED_SELECTOR = YES;
				GCC_WARN_UNINITIALIZED_AUTOS = YES_AGGRESSIVE;
				GCC_WARN_UNUSED_FUNCTION = YES;
				GCC_WARN_UNUSED_VARIABLE = YES;
				IPHONEOS_DEPLOYMENT_TARGET = 17.5;
				LOCALIZATION_PREFERS_STRING_CATALOGS = YES;
				MTL_ENABLE_DEBUG_INFO = NO;
				MTL_FAST_MATH = YES;
				SDKROOT = iphoneos;
				SWIFT_COMPILATION_MODE = wholemodule;
				VALIDATE_PRODUCT = YES;
			};
			name = Release;
		};
		5EFC08952BFCA9A4000E87AC /* Debug */ = {
			isa = XCBuildConfiguration;
			buildSettings = {
				ASSETCATALOG_COMPILER_APPICON_NAME = AppIcon;
				ASSETCATALOG_COMPILER_GLOBAL_ACCENT_COLOR_NAME = AccentColor;
				CODE_SIGN_STYLE = Automatic;
				CURRENT_PROJECT_VERSION = 1;
				DEVELOPMENT_ASSET_PATHS = "\"BookRec/Preview Content\"";
				DEVELOPMENT_TEAM = 5XKFKSXQ9R;
				ENABLE_PREVIEWS = YES;
				GENERATE_INFOPLIST_FILE = YES;
				INFOPLIST_KEY_UIApplicationSceneManifest_Generation = YES;
				INFOPLIST_KEY_UIApplicationSupportsIndirectInputEvents = YES;
				INFOPLIST_KEY_UILaunchScreen_Generation = YES;
				INFOPLIST_KEY_UISupportedInterfaceOrientations_iPad = "UIInterfaceOrientationPortrait UIInterfaceOrientationPortraitUpsideDown UIInterfaceOrientationLandscapeLeft UIInterfaceOrientationLandscapeRight";
				INFOPLIST_KEY_UISupportedInterfaceOrientations_iPhone = "UIInterfaceOrientationPortrait UIInterfaceOrientationLandscapeLeft UIInterfaceOrientationLandscapeRight";
				IPHONEOS_DEPLOYMENT_TARGET = 17.0;
				LD_RUNPATH_SEARCH_PATHS = (
					"$(inherited)",
					"@executable_path/Frameworks",
				);
				MARKETING_VERSION = 1.0;
				PRODUCT_BUNDLE_IDENTIFIER = "com.example.apple-samplecode.BookRec";
				PRODUCT_NAME = "$(TARGET_NAME)";
				SWIFT_EMIT_LOC_STRINGS = YES;
				SWIFT_VERSION = 5.0;
				TARGETED_DEVICE_FAMILY = "1,2";
			};
			name = Debug;
		};
		5EFC08962BFCA9A4000E87AC /* Release */ = {
			isa = XCBuildConfiguration;
			buildSettings = {
				ASSETCATALOG_COMPILER_APPICON_NAME = AppIcon;
				ASSETCATALOG_COMPILER_GLOBAL_ACCENT_COLOR_NAME = AccentColor;
				CODE_SIGN_STYLE = Automatic;
				CURRENT_PROJECT_VERSION = 1;
				DEVELOPMENT_ASSET_PATHS = "\"BookRec/Preview Content\"";
				DEVELOPMENT_TEAM = 5XKFKSXQ9R;
				ENABLE_PREVIEWS = YES;
				GENERATE_INFOPLIST_FILE = YES;
				INFOPLIST_KEY_UIApplicationSceneManifest_Generation = YES;
				INFOPLIST_KEY_UIApplicationSupportsIndirectInputEvents = YES;
				INFOPLIST_KEY_UILaunchScreen_Generation = YES;
				INFOPLIST_KEY_UISupportedInterfaceOrientations_iPad = "UIInterfaceOrientationPortrait UIInterfaceOrientationPortraitUpsideDown UIInterfaceOrientationLandscapeLeft UIInterfaceOrientationLandscapeRight";
				INFOPLIST_KEY_UISupportedInterfaceOrientations_iPhone = "UIInterfaceOrientationPortrait UIInterfaceOrientationLandscapeLeft UIInterfaceOrientationLandscapeRight";
				IPHONEOS_DEPLOYMENT_TARGET = 17.0;
				LD_RUNPATH_SEARCH_PATHS = (
					"$(inherited)",
					"@executable_path/Frameworks",
				);
				MARKETING_VERSION = 1.0;
				PRODUCT_BUNDLE_IDENTIFIER = "com.example.apple-samplecode.BookRec";
				PRODUCT_NAME = "$(TARGET_NAME)";
				SWIFT_EMIT_LOC_STRINGS = YES;
				SWIFT_VERSION = 5.0;
				TARGETED_DEVICE_FAMILY = "1,2";
			};
			name = Release;
		};
/* End XCBuildConfiguration section */

/* Begin XCConfigurationList section */
		5EFC08812BFCA9A1000E87AC /* Build configuration list for PBXProject "BookRec" */ = {
			isa = XCConfigurationList;
			buildConfigurations = (
				5EFC08922BFCA9A4000E87AC /* Debug */,
				5EFC08932BFCA9A4000E87AC /* Release */,
			);
			defaultConfigurationIsVisible = 0;
			defaultConfigurationName = Release;
		};
		5EFC08942BFCA9A4000E87AC /* Build configuration list for PBXNativeTarget "BookRec" */ = {
			isa = XCConfigurationList;
			buildConfigurations = (
				5EFC08952BFCA9A4000E87AC /* Debug */,
				5EFC08962BFCA9A4000E87AC /* Release */,
			);
			defaultConfigurationIsVisible = 0;
			defaultConfigurationName = Release;
		};
/* End XCConfigurationList section */
	};
	rootObject = 5EFC087E2BFCA9A1000E87AC /* Project object */;
}
